
Microsoft Visual Studio Solution File, Format Version 12.00
# Visual Studio Version 16
VisualStudioVersion = 16.0.30104.148
MinimumVisualStudioVersion = 10.0.40219.1
Project("{FAE04EC0-301F-11D3-BF4B-00C04F79EFBC}") = "MyDictionary", "MyDictionary\MyDictionary.csproj", "{92C5CA1C-851D-4865-A879-7379E9DFCEE8}"
EndProject
Global
	GlobalSection(SolutionConfigurationPlatforms) = preSolution
		Debug|Any CPU = Debug|Any CPU
		Release|Any CPU = Release|Any CPU
	EndGlobalSection
	GlobalSection(ProjectConfigurationPlatforms) = postSolution
		{92C5CA1C-851D-4865-A879-7379E9DFCEE8}.Debug|Any CPU.ActiveCfg = Debug|Any CPU
		{92C5CA1C-851D-4865-A879-7379E9DFCEE8}.Debug|Any CPU.Build.0 = Debug|Any CPU
		{92C5CA1C-851D-4865-A879-7379E9DFCEE8}.Release|Any CPU.ActiveCfg = Release|Any CPU
		{92C5CA1C-851D-4865-A879-7379E9DFCEE8}.Release|Any CPU.Build.0 = Release|Any CPU
	EndGlobalSection
	GlobalSection(SolutionProperties) = preSolution
		HideSolutionNode = FALSE
	EndGlobalSection
	GlobalSection(ExtensibilityGlobals) = postSolution
		SolutionGuid = {88E4DF82-382A-4EDF-A6BD-7BCD948ABC9B}
	EndGlobalSection
EndGlobal
